
Microsoft Visual Studio Solution File, Format Version 12.00
# Visual Studio Version 17
VisualStudioVersion = 17.2.32630.192
MinimumVisualStudioVersion = 10.0.40219.1
Project("{FAE04EC0-301F-11D3-BF4B-00C04F79EFBC}") = "CarShopGUI", "CarShopGUI\CarShopGUI.csproj", "{8C5C7DC6-9BD5-4BE2-91CF-DAA5DD26AE17}"
EndProject
Project("{9A19103F-16F7-4668-BE54-9A1E7A4F7556}") = "CarClassLibrary", "CarClassLibrary\CarClassLibrary.csproj", "{1F3908CA-EC2E-4FA9-B006-46E4DA0343B9}"
EndProject
Global
	GlobalSection(SolutionConfigurationPlatforms) = preSolution
		Debug|Any CPU = Debug|Any CPU
		Release|Any CPU = Release|Any CPU
	EndGlobalSection
	GlobalSection(ProjectConfigurationPlatforms) = postSolution
		{8C5C7DC6-9BD5-4BE2-91CF-DAA5DD26AE17}.Debug|Any CPU.ActiveCfg = Debug|Any CPU
		{8C5C7DC6-9BD5-4BE2-91CF-DAA5DD26AE17}.Debug|Any CPU.Build.0 = Debug|Any CPU
		{8C5C7DC6-9BD5-4BE2-91CF-DAA5DD26AE17}.Release|Any CPU.ActiveCfg = Release|Any CPU
		{8C5C7DC6-9BD5-4BE2-91CF-DAA5DD26AE17}.Release|Any CPU.Build.0 = Release|Any CPU
		{1F3908CA-EC2E-4FA9-B006-46E4DA0343B9}.Debug|Any CPU.ActiveCfg = Debug|Any CPU
		{1F3908CA-EC2E-4FA9-B006-46E4DA0343B9}.Debug|Any CPU.Build.0 = Debug|Any CPU
		{1F3908CA-EC2E-4FA9-B006-46E4DA0343B9}.Release|Any CPU.ActiveCfg = Release|Any CPU
		{1F3908CA-EC2E-4FA9-B006-46E4DA0343B9}.Release|Any CPU.Build.0 = Release|Any CPU
	EndGlobalSection
	GlobalSection(SolutionProperties) = preSolution
		HideSolutionNode = FALSE
	EndGlobalSection
	GlobalSection(ExtensibilityGlobals) = postSolution
		SolutionGuid = {C8EE00E9-A213-4860-84AB-934423D43369}
	EndGlobalSection
EndGlobal
