
Microsoft Visual Studio Solution File, Format Version 12.00
# Visual Studio Version 17
VisualStudioVersion = 17.2.32630.192
MinimumVisualStudioVersion = 10.0.40219.1
Project("{FAE04EC0-301F-11D3-BF4B-00C04F79EFBC}") = "HeroMaker2", "HeroMaker2\HeroMaker2.csproj", "{4562B6DD-46BB-43DF-BF4A-23A13E5B6157}"
EndProject
Global
	GlobalSection(SolutionConfigurationPlatforms) = preSolution
		Debug|Any CPU = Debug|Any CPU
		Release|Any CPU = Release|Any CPU
	EndGlobalSection
	GlobalSection(ProjectConfigurationPlatforms) = postSolution
		{4562B6DD-46BB-43DF-BF4A-23A13E5B6157}.Debug|Any CPU.ActiveCfg = Debug|Any CPU
		{4562B6DD-46BB-43DF-BF4A-23A13E5B6157}.Debug|Any CPU.Build.0 = Debug|Any CPU
		{4562B6DD-46BB-43DF-BF4A-23A13E5B6157}.Release|Any CPU.ActiveCfg = Release|Any CPU
		{4562B6DD-46BB-43DF-BF4A-23A13E5B6157}.Release|Any CPU.Build.0 = Release|Any CPU
	EndGlobalSection
	GlobalSection(SolutionProperties) = preSolution
		HideSolutionNode = FALSE
	EndGlobalSection
	GlobalSection(ExtensibilityGlobals) = postSolution
		SolutionGuid = {52AB0FAC-CEFB-49B5-8C21-F839C9540797}
	EndGlobalSection
EndGlobal
