
Microsoft Visual Studio Solution File, Format Version 12.00
# Visual Studio Version 17
VisualStudioVersion = 17.2.32630.192
MinimumVisualStudioVersion = 10.0.40219.1
Project("{FAE04EC0-301F-11D3-BF4B-00C04F79EFBC}") = "FileIOAppGUI", "FileIOAppGUI\FileIOAppGUI.csproj", "{643AE53B-C348-40EE-8BE9-4EA111A622C0}"
EndProject
Global
	GlobalSection(SolutionConfigurationPlatforms) = preSolution
		Debug|Any CPU = Debug|Any CPU
		Release|Any CPU = Release|Any CPU
	EndGlobalSection
	GlobalSection(ProjectConfigurationPlatforms) = postSolution
		{643AE53B-C348-40EE-8BE9-4EA111A622C0}.Debug|Any CPU.ActiveCfg = Debug|Any CPU
		{643AE53B-C348-40EE-8BE9-4EA111A622C0}.Debug|Any CPU.Build.0 = Debug|Any CPU
		{643AE53B-C348-40EE-8BE9-4EA111A622C0}.Release|Any CPU.ActiveCfg = Release|Any CPU
		{643AE53B-C348-40EE-8BE9-4EA111A622C0}.Release|Any CPU.Build.0 = Release|Any CPU
	EndGlobalSection
	GlobalSection(SolutionProperties) = preSolution
		HideSolutionNode = FALSE
	EndGlobalSection
	GlobalSection(ExtensibilityGlobals) = postSolution
		SolutionGuid = {3E56C888-92DF-42EF-B86C-FD334F15D7B3}
	EndGlobalSection
EndGlobal
